
Microsoft Visual Studio Solution File, Format Version 12.00
# Visual Studio Version 17
VisualStudioVersion = 17.4.33403.182
MinimumVisualStudioVersion = 10.0.40219.1
Project("{FAE04EC0-301F-11D3-BF4B-00C04F79EFBC}") = "Palendrom", "Palendrom\Palendrom.csproj", "{75363580-2C8F-428A-AD35-52A8DC0888F6}"
EndProject
Project("{FAE04EC0-301F-11D3-BF4B-00C04F79EFBC}") = "PalendromService", "PalendromService\PalendromService.csproj", "{8454754D-D938-4C5F-BA8F-4BE74AD3B0A3}"
EndProject
Project("{FAE04EC0-301F-11D3-BF4B-00C04F79EFBC}") = "Palindrome.ConsoleApp", "Palindrome.ConsoleApp\Palindrome.ConsoleApp.csproj", "{C0FC963E-26B2-4470-84CD-5E6A676B343C}"
EndProject
Global
	GlobalSection(SolutionConfigurationPlatforms) = preSolution
		Debug|Any CPU = Debug|Any CPU
		Release|Any CPU = Release|Any CPU
	EndGlobalSection
	GlobalSection(ProjectConfigurationPlatforms) = postSolution
		{75363580-2C8F-428A-AD35-52A8DC0888F6}.Debug|Any CPU.ActiveCfg = Debug|Any CPU
		{75363580-2C8F-428A-AD35-52A8DC0888F6}.Debug|Any CPU.Build.0 = Debug|Any CPU
		{75363580-2C8F-428A-AD35-52A8DC0888F6}.Release|Any CPU.ActiveCfg = Release|Any CPU
		{75363580-2C8F-428A-AD35-52A8DC0888F6}.Release|Any CPU.Build.0 = Release|Any CPU
		{8454754D-D938-4C5F-BA8F-4BE74AD3B0A3}.Debug|Any CPU.ActiveCfg = Debug|Any CPU
		{8454754D-D938-4C5F-BA8F-4BE74AD3B0A3}.Debug|Any CPU.Build.0 = Debug|Any CPU
		{8454754D-D938-4C5F-BA8F-4BE74AD3B0A3}.Release|Any CPU.ActiveCfg = Release|Any CPU
		{8454754D-D938-4C5F-BA8F-4BE74AD3B0A3}.Release|Any CPU.Build.0 = Release|Any CPU
		{C0FC963E-26B2-4470-84CD-5E6A676B343C}.Debug|Any CPU.ActiveCfg = Debug|Any CPU
		{C0FC963E-26B2-4470-84CD-5E6A676B343C}.Debug|Any CPU.Build.0 = Debug|Any CPU
		{C0FC963E-26B2-4470-84CD-5E6A676B343C}.Release|Any CPU.ActiveCfg = Release|Any CPU
		{C0FC963E-26B2-4470-84CD-5E6A676B343C}.Release|Any CPU.Build.0 = Release|Any CPU
	EndGlobalSection
	GlobalSection(SolutionProperties) = preSolution
		HideSolutionNode = FALSE
	EndGlobalSection
	GlobalSection(ExtensibilityGlobals) = postSolution
		SolutionGuid = {ED67FB83-408B-4C27-A154-4DA0FB524C57}
	EndGlobalSection
EndGlobal
