
Microsoft Visual Studio Solution File, Format Version 12.00
# Visual Studio Version 17
VisualStudioVersion = 17.4.33403.182
MinimumVisualStudioVersion = 10.0.40219.1
Project("{FAE04EC0-301F-11D3-BF4B-00C04F79EFBC}") = "Organization.Core", "Organization.Core\Organization.Core.csproj", "{D1626CF8-BA19-41DC-B9DC-68FE593AD5ED}"
EndProject
Project("{FAE04EC0-301F-11D3-BF4B-00C04F79EFBC}") = "Organization.ConsoleApp", "Organization.ConsoleApp\Organization.ConsoleApp.csproj", "{55677310-0A72-4F0B-92B6-DE49A140FBF7}"
EndProject
Project("{FAE04EC0-301F-11D3-BF4B-00C04F79EFBC}") = "Organization.Infrastructure", "Organization.Infrastructure\Organization.Infrastructure.csproj", "{896749BC-A1D8-4263-8A7C-69E64817A5B1}"
EndProject
Global
	GlobalSection(SolutionConfigurationPlatforms) = preSolution
		Debug|Any CPU = Debug|Any CPU
		Release|Any CPU = Release|Any CPU
	EndGlobalSection
	GlobalSection(ProjectConfigurationPlatforms) = postSolution
		{D1626CF8-BA19-41DC-B9DC-68FE593AD5ED}.Debug|Any CPU.ActiveCfg = Debug|Any CPU
		{D1626CF8-BA19-41DC-B9DC-68FE593AD5ED}.Debug|Any CPU.Build.0 = Debug|Any CPU
		{D1626CF8-BA19-41DC-B9DC-68FE593AD5ED}.Release|Any CPU.ActiveCfg = Release|Any CPU
		{D1626CF8-BA19-41DC-B9DC-68FE593AD5ED}.Release|Any CPU.Build.0 = Release|Any CPU
		{55677310-0A72-4F0B-92B6-DE49A140FBF7}.Debug|Any CPU.ActiveCfg = Debug|Any CPU
		{55677310-0A72-4F0B-92B6-DE49A140FBF7}.Debug|Any CPU.Build.0 = Debug|Any CPU
		{55677310-0A72-4F0B-92B6-DE49A140FBF7}.Release|Any CPU.ActiveCfg = Release|Any CPU
		{55677310-0A72-4F0B-92B6-DE49A140FBF7}.Release|Any CPU.Build.0 = Release|Any CPU
		{896749BC-A1D8-4263-8A7C-69E64817A5B1}.Debug|Any CPU.ActiveCfg = Debug|Any CPU
		{896749BC-A1D8-4263-8A7C-69E64817A5B1}.Debug|Any CPU.Build.0 = Debug|Any CPU
		{896749BC-A1D8-4263-8A7C-69E64817A5B1}.Release|Any CPU.ActiveCfg = Release|Any CPU
		{896749BC-A1D8-4263-8A7C-69E64817A5B1}.Release|Any CPU.Build.0 = Release|Any CPU
	EndGlobalSection
	GlobalSection(SolutionProperties) = preSolution
		HideSolutionNode = FALSE
	EndGlobalSection
	GlobalSection(ExtensibilityGlobals) = postSolution
		SolutionGuid = {EB38CB62-4F71-4AC7-846B-8F8363E6779A}
	EndGlobalSection
EndGlobal
