
Microsoft Visual Studio Solution File, Format Version 12.00
# Visual Studio Version 17
VisualStudioVersion = 17.4.33403.182
MinimumVisualStudioVersion = 10.0.40219.1
Project("{FAE04EC0-301F-11D3-BF4B-00C04F79EFBC}") = "PracriceHomeWork", "PracriceHomeWork\PracriceHomeWork.csproj", "{0C5A5DEC-98D4-4409-B929-4077AD293068}"
EndProject
Global
	GlobalSection(SolutionConfigurationPlatforms) = preSolution
		Debug|Any CPU = Debug|Any CPU
		Release|Any CPU = Release|Any CPU
	EndGlobalSection
	GlobalSection(ProjectConfigurationPlatforms) = postSolution
		{0C5A5DEC-98D4-4409-B929-4077AD293068}.Debug|Any CPU.ActiveCfg = Debug|Any CPU
		{0C5A5DEC-98D4-4409-B929-4077AD293068}.Debug|Any CPU.Build.0 = Debug|Any CPU
		{0C5A5DEC-98D4-4409-B929-4077AD293068}.Release|Any CPU.ActiveCfg = Release|Any CPU
		{0C5A5DEC-98D4-4409-B929-4077AD293068}.Release|Any CPU.Build.0 = Release|Any CPU
	EndGlobalSection
	GlobalSection(SolutionProperties) = preSolution
		HideSolutionNode = FALSE
	EndGlobalSection
	GlobalSection(ExtensibilityGlobals) = postSolution
		SolutionGuid = {0CFFED31-CF33-4980-A540-474C61A2393C}
	EndGlobalSection
EndGlobal
